<Solution>
  <Configurations>
    <Platform Name="x64" />
    <Platform Name="x86" />
  </Configurations>
  <Folder Name="/Solution Items/">
    <File Path="../Docs/image.png" />
    <File Path="../LICENSE.txt" />
    <File Path="../README.md" />
  </Folder>
  <Project Path="../UefiDll/UefiDll/UefiDll.vcxproj" Id="9826b11f-24e1-4b73-9270-e4903d2dd4a5" />
  <Project Path="UEFIpp/UEFIpp.vcxproj" Id="6fc109e8-d0e8-49ee-9a24-f3034acc531a" />
</Solution>
